
Microsoft Visual Studio Solution File, Format Version 12.00
# Visual Studio Version 17
VisualStudioVersion = 17.11.35312.102
MinimumVisualStudioVersion = 10.0.40219.1
Project("{FAE04EC0-301F-11D3-BF4B-00C04F79EFBC}") = "CSV_2_PDF", "CSV_2_PDF.csproj", "{11BE7918-F028-4340-B17F-15658A271602}"
EndProject
Global
	GlobalSection(SolutionConfigurationPlatforms) = preSolution
		Debug|Any CPU = Debug|Any CPU
		Release|Any CPU = Release|Any CPU
	EndGlobalSection
	GlobalSection(ProjectConfigurationPlatforms) = postSolution
		{11BE7918-F028-4340-B17F-15658A271602}.Debug|Any CPU.ActiveCfg = Debug|Any CPU
		{11BE7918-F028-4340-B17F-15658A271602}.Debug|Any CPU.Build.0 = Debug|Any CPU
		{11BE7918-F028-4340-B17F-15658A271602}.Release|Any CPU.ActiveCfg = Release|Any CPU
		{11BE7918-F028-4340-B17F-15658A271602}.Release|Any CPU.Build.0 = Release|Any CPU
	EndGlobalSection
	GlobalSection(SolutionProperties) = preSolution
		HideSolutionNode = FALSE
	EndGlobalSection
	GlobalSection(ExtensibilityGlobals) = postSolution
		SolutionGuid = {616101BC-4E44-4D04-BCA9-BE04236F767D}
	EndGlobalSection
EndGlobal
